
Microsoft Visual Studio Solution File, Format Version 12.00
# Visual Studio Version 16
VisualStudioVersion = 16.0.30523.141
MinimumVisualStudioVersion = 10.0.40219.1
Project("{FAE04EC0-301F-11D3-BF4B-00C04F79EFBC}") = "3DProject", "3DProject\3DProject.csproj", "{C32BFBEA-6974-44E4-9CF2-263FEE306587}"
EndProject
Global
	GlobalSection(SolutionConfigurationPlatforms) = preSolution
		Debug|Any CPU = Debug|Any CPU
		Release|Any CPU = Release|Any CPU
	EndGlobalSection
	GlobalSection(ProjectConfigurationPlatforms) = postSolution
		{C32BFBEA-6974-44E4-9CF2-263FEE306587}.Debug|Any CPU.ActiveCfg = Debug|Any CPU
		{C32BFBEA-6974-44E4-9CF2-263FEE306587}.Debug|Any CPU.Build.0 = Debug|Any CPU
		{C32BFBEA-6974-44E4-9CF2-263FEE306587}.Release|Any CPU.ActiveCfg = Release|Any CPU
		{C32BFBEA-6974-44E4-9CF2-263FEE306587}.Release|Any CPU.Build.0 = Release|Any CPU
	EndGlobalSection
	GlobalSection(SolutionProperties) = preSolution
		HideSolutionNode = FALSE
	EndGlobalSection
	GlobalSection(ExtensibilityGlobals) = postSolution
		SolutionGuid = {552FB004-F6E0-486F-98B4-FBD9F8CA416A}
	EndGlobalSection
EndGlobal
